lockfileVersion: '6.0'

settings:
  autoInstallPeers: true
  excludeLinksFromLockfile: false

dependencies:
  '@allmaps/annotation':
    specifier: 1.0.0-beta.20
    version: 1.0.0-beta.20
  '@allmaps/id':
    specifier: 1.0.0-beta.21
    version: 1.0.0-beta.21
  '@allmaps/iiif-parser':
    specifier: 1.0.0-beta.30
    version: 1.0.0-beta.30
  '@allmaps/stdlib':
    specifier: 1.0.0-beta.18
    version: 1.0.0-beta.18
  chalk:
    specifier: ^5.3.0
    version: 5.3.0
  graceful-fs:
    specifier: ^4.2.11
    version: 4.2.11
  mkdirp:
    specifier: ^3.0.1
    version: 3.0.1
  yaml:
    specifier: ^2.3.4
    version: 2.3.4

devDependencies:
  '@types/node':
    specifier: ^20.5.7
    version: 20.5.7

packages:

  /@allmaps/annotation@1.0.0-beta.20:
    resolution: {integrity: sha512-CcSGIYmMZNbpjagZpUGu0onlspDCIE8c0+VhUHJuMmulZhHtjTHw8g5myr0xhpn7xxWYXss51TQ3dJSTlepoaw==}
    dependencies:
      zod: 3.22.2
    dev: false

  /@allmaps/id@1.0.0-beta.21:
    resolution: {integrity: sha512-+8ZsbTr5cXwI2cZsNYDr1vdivJ/Q26QkbLHroOC7xzAvB/OvpJmkQxOjfr91bJbAp2ZSFDRufJrha1uH2v1/fw==}
    engines: {node: '>=v19.0.0'}
    dependencies:
      '@allmaps/types': 1.0.0-beta.7
    dev: false

  /@allmaps/iiif-parser@1.0.0-beta.30:
    resolution: {integrity: sha512-f2NlZAwGvnjmfHk6pWtK3zJ2Si90SGE+MDpWDhzQpcotIpX7wk4YDNW1uzBuGtGCj7qjdY4OiXA7XhqSE6H/Xw==}
    dependencies:
      '@allmaps/types': 1.0.0-beta.7
      zod: 3.22.2
    dev: false

  /@allmaps/stdlib@1.0.0-beta.18:
    resolution: {integrity: sha512-16LqwEhFXYA9ei5PbCoTzS9iIYQDQZP6Lmhe9miOnxUI3D3aDV0pVnBz9Bnwjb/gjCzQfvqk3WkUvdjxxtExLQ==}
    dependencies:
      '@allmaps/annotation': 1.0.0-beta.20
      '@allmaps/iiif-parser': 1.0.0-beta.30
      '@allmaps/types': 1.0.0-beta.7
      '@placemarkio/geojson-rewind': 1.0.2
      svg-parser: 2.0.4
    dev: false

  /@allmaps/types@1.0.0-beta.7:
    resolution: {integrity: sha512-wok753VuJlhjLKngQcO7jSCQvrydv9xXeBjWmLbjCERNcxCCbLM9eRqAnboDQIpyi5sClt8zAkvrSy9We2uR+A==}
    dev: false

  /@placemarkio/geojson-rewind@1.0.2:
    resolution: {integrity: sha512-ulBdZOCvKlUIe9v+/PDVfe4wDvfkJRzRXstGEHbAJGiUN8IDYw3wD3156DcN/rO9DiHfjcF8KUQlQ7iiMd+rrA==}
    dev: false

  /@types/node@20.5.7:
    resolution: {integrity: sha512-dP7f3LdZIysZnmvP3ANJYTSwg+wLLl8p7RqniVlV7j+oXSXAbt9h0WIBFmJy5inWZoX9wZN6eXx+YXd9Rh3RBA==}
    dev: true

  /chalk@5.3.0:
    resolution: {integrity: sha512-dLitG79d+GV1Nb/VYcCDFivJeK1hiukt9QjRNVOsUtTy1rR1YJsmpGGTZ3qJos+uw7WmWF4wUwBd9jxjocFC2w==}
    engines: {node: ^12.17.0 || ^14.13 || >=16.0.0}
    dev: false

  /graceful-fs@4.2.11:
    resolution: {integrity: sha512-RbJ5/jmFcNNCcDV5o9eTnBLJ/HszWV0P73bc+Ff4nS/rJj+YaS6IGyiOL0VoBYX+l1Wrl3k63h/KrH+nhJ0XvQ==}
    dev: false

  /mkdirp@3.0.1:
    resolution: {integrity: sha512-+NsyUUAZDmo6YVHzL/stxSu3t9YS1iljliy3BSDrXJ/dkn1KYdmtZODGGjLcc9XLgVVpH4KshHB8XmZgMhaBXg==}
    engines: {node: '>=10'}
    hasBin: true
    dev: false

  /svg-parser@2.0.4:
    resolution: {integrity: sha512-e4hG1hRwoOdRb37cIMSgzNsxyzKfayW6VOflrwvR+/bzrkyxY/31WkbgnQpgtrNp1SdpJvpUAGTa/ZoiPNDuRQ==}
    dev: false

  /yaml@2.3.4:
    resolution: {integrity: sha512-8aAvwVUSHpfEqTQ4w/KMlf3HcRdt50E5ODIQJBw1fQ5RL34xabzxtUlzTXVqc4rkZsPbvrXKWnABCD7kWSmocA==}
    engines: {node: '>= 14'}
    dev: false

  /zod@3.22.2:
    resolution: {integrity: sha512-wvWkphh5WQsJbVk1tbx1l1Ly4yg+XecD+Mq280uBGt9wa5BKSWf4Mhp6GmrkPixhMxmabYY7RbzlwVP32pbGCg==}
    dev: false
